# Code generated by scarb DO NOT EDIT.
version = 1

[[package]]
name = "mini_flashloan"
version = "0.1.0"
dependencies = [
 "openzeppelin",
 "snforge_std",
]

[[package]]
name = "openzeppelin"
version = "0.8.0"
source = "git+https://github.com/openzeppelin/cairo-contracts#441e6ce76ade91817068e4d4c5168dbd3ed20375"

[[package]]
name = "snforge_std"
version = "0.1.0"
source = "git+https://github.com/foundry-rs/starknet-foundry?tag=v0.13.1#e1412ed040d10e66be0fd84115f72a667b57a116"
